
Microsoft Visual Studio Solution File, Format Version 11.00
# Visual Studio 2010
Project("{FAE04EC0-301F-11D3-BF4B-00C04F79EFBC}") = "PhotoViewer", "PhotoViewer\PhotoViewer\PhotoViewer.csproj", "{4159D3F8-A615-4495-936A-2D94EBB8EAA3}"
EndProject
Project("{FAE04EC0-301F-11D3-BF4B-00C04F79EFBC}") = "PhotoViewerContent", "PhotoViewer\PhotoViewerContent\PhotoViewerContent.contentproj", "{562B8F64-B1CE-4152-B270-B4DBA021EC8E}"
EndProject
Project("{FAE04EC0-301F-11D3-BF4B-00C04F79EFBC}") = "d-flip", "create_dll\trunk\d-flip\d-flip.csproj", "{28EE5056-9C8C-417D-95B2-278565300577}"
EndProject
Project("{FAE04EC0-301F-11D3-BF4B-00C04F79EFBC}") = "FontProcessor", "..\..\PhotoViewer_HiRes_database\FontProcessor\FontProcessor.csproj", "{D44D2125-E9AB-4E0D-AE50-8C964C25BE26}"
EndProject
Global
	GlobalSection(SolutionConfigurationPlatforms) = preSolution
		Debug|Any CPU = Debug|Any CPU
		Debug|Mixed Platforms = Debug|Mixed Platforms
		Debug|x86 = Debug|x86
		Release|Any CPU = Release|Any CPU
		Release|Mixed Platforms = Release|Mixed Platforms
		Release|x86 = Release|x86
	EndGlobalSection
	GlobalSection(ProjectConfigurationPlatforms) = postSolution
		{4159D3F8-A615-4495-936A-2D94EBB8EAA3}.Debug|Any CPU.ActiveCfg = Debug|x86
		{4159D3F8-A615-4495-936A-2D94EBB8EAA3}.Debug|Mixed Platforms.ActiveCfg = Debug|x86
		{4159D3F8-A615-4495-936A-2D94EBB8EAA3}.Debug|Mixed Platforms.Build.0 = Debug|x86
		{4159D3F8-A615-4495-936A-2D94EBB8EAA3}.Debug|x86.ActiveCfg = Debug|x86
		{4159D3F8-A615-4495-936A-2D94EBB8EAA3}.Debug|x86.Build.0 = Debug|x86
		{4159D3F8-A615-4495-936A-2D94EBB8EAA3}.Release|Any CPU.ActiveCfg = Release|x86
		{4159D3F8-A615-4495-936A-2D94EBB8EAA3}.Release|Mixed Platforms.ActiveCfg = Release|x86
		{4159D3F8-A615-4495-936A-2D94EBB8EAA3}.Release|Mixed Platforms.Build.0 = Release|x86
		{4159D3F8-A615-4495-936A-2D94EBB8EAA3}.Release|x86.ActiveCfg = Release|x86
		{4159D3F8-A615-4495-936A-2D94EBB8EAA3}.Release|x86.Build.0 = Release|x86
		{562B8F64-B1CE-4152-B270-B4DBA021EC8E}.Debug|Any CPU.ActiveCfg = Debug|x86
		{562B8F64-B1CE-4152-B270-B4DBA021EC8E}.Debug|Mixed Platforms.ActiveCfg = Debug|x86
		{562B8F64-B1CE-4152-B270-B4DBA021EC8E}.Debug|x86.ActiveCfg = Debug|x86
		{562B8F64-B1CE-4152-B270-B4DBA021EC8E}.Release|Any CPU.ActiveCfg = Release|x86
		{562B8F64-B1CE-4152-B270-B4DBA021EC8E}.Release|Mixed Platforms.ActiveCfg = Release|x86
		{562B8F64-B1CE-4152-B270-B4DBA021EC8E}.Release|x86.ActiveCfg = Release|x86
		{28EE5056-9C8C-417D-95B2-278565300577}.Debug|Any CPU.ActiveCfg = Debug|Any CPU
		{28EE5056-9C8C-417D-95B2-278565300577}.Debug|Any CPU.Build.0 = Debug|Any CPU
		{28EE5056-9C8C-417D-95B2-278565300577}.Debug|Mixed Platforms.ActiveCfg = Debug|Any CPU
		{28EE5056-9C8C-417D-95B2-278565300577}.Debug|Mixed Platforms.Build.0 = Debug|Any CPU
		{28EE5056-9C8C-417D-95B2-278565300577}.Debug|x86.ActiveCfg = Debug|Any CPU
		{28EE5056-9C8C-417D-95B2-278565300577}.Release|Any CPU.ActiveCfg = Release|Any CPU
		{28EE5056-9C8C-417D-95B2-278565300577}.Release|Any CPU.Build.0 = Release|Any CPU
		{28EE5056-9C8C-417D-95B2-278565300577}.Release|Mixed Platforms.ActiveCfg = Release|Any CPU
		{28EE5056-9C8C-417D-95B2-278565300577}.Release|Mixed Platforms.Build.0 = Release|Any CPU
		{28EE5056-9C8C-417D-95B2-278565300577}.Release|x86.ActiveCfg = Release|Any CPU
		{D44D2125-E9AB-4E0D-AE50-8C964C25BE26}.Debug|Any CPU.ActiveCfg = Debug|x86
		{D44D2125-E9AB-4E0D-AE50-8C964C25BE26}.Debug|Any CPU.Build.0 = Debug|x86
		{D44D2125-E9AB-4E0D-AE50-8C964C25BE26}.Debug|Mixed Platforms.ActiveCfg = Debug|x86
		{D44D2125-E9AB-4E0D-AE50-8C964C25BE26}.Debug|Mixed Platforms.Build.0 = Debug|x86
		{D44D2125-E9AB-4E0D-AE50-8C964C25BE26}.Debug|x86.ActiveCfg = Debug|x86
		{D44D2125-E9AB-4E0D-AE50-8C964C25BE26}.Debug|x86.Build.0 = Debug|x86
		{D44D2125-E9AB-4E0D-AE50-8C964C25BE26}.Release|Any CPU.ActiveCfg = Debug|x86
		{D44D2125-E9AB-4E0D-AE50-8C964C25BE26}.Release|Any CPU.Build.0 = Debug|x86
		{D44D2125-E9AB-4E0D-AE50-8C964C25BE26}.Release|Mixed Platforms.ActiveCfg = Debug|x86
		{D44D2125-E9AB-4E0D-AE50-8C964C25BE26}.Release|Mixed Platforms.Build.0 = Debug|x86
		{D44D2125-E9AB-4E0D-AE50-8C964C25BE26}.Release|x86.ActiveCfg = Debug|x86
		{D44D2125-E9AB-4E0D-AE50-8C964C25BE26}.Release|x86.Build.0 = Debug|x86
	EndGlobalSection
	GlobalSection(SolutionProperties) = preSolution
		HideSolutionNode = FALSE
	EndGlobalSection
EndGlobal
